{
  "pins" : [
    {
      "identity" : "privy-ios",
      "kind" : "remoteSourceControl",
      "location" : "https://github.com/privy-io/privy-ios",
      "state" : {
        "revision" : "71dd5fe9eb20a8dfaa411b219f856c108473f909",
        "version" : "2.16.2"
      }
    }
  ],
  "version" : 2
}
